schema: '2.0'
stages:
  data_collection:
    cmd: python src/data/data_collection.py
    deps:
    - path: src/data/data_collection.py
      hash: md5
      md5: 26402f034baff300e7218982b67fb512
      size: 2292
    params:
      params.yaml:
        data_collection.test_size: 0.25
    outs:
    - path: data/raw
      hash: md5
      md5: f213c7cc514793018e69532b85e72729.dir
      size: 522262
      nfiles: 2
  data_prep:
    cmd: python src/data/data_prep.py
    deps:
    - path: data/raw
      hash: md5
      md5: f213c7cc514793018e69532b85e72729.dir
      size: 522262
      nfiles: 2
    - path: src/data/data_prep.py
      hash: md5
      md5: 4c663f3306bf9b50e7166bafa8830ecf
      size: 2004
    outs:
    - path: data/processed
      hash: md5
      md5: 8a37c26a59400ca7779001ae10e2826b.dir
      size: 530233
      nfiles: 2
  model_building:
    cmd: python src/model/model_building.py
    deps:
    - path: data/processed
      hash: md5
      md5: 8a37c26a59400ca7779001ae10e2826b.dir
      size: 530233
      nfiles: 2
    - path: src/model/model_building.py
      hash: md5
      md5: bd85911b887e6ca79f7aab912d841435
      size: 2441
    params:
      params.yaml:
        model_building.n_estimators: 1000
    outs:
    - path: model.pkl
      hash: md5
      md5: 90e1928b68874fdb0cd4dac8f10851dd
      size: 68650288
